// !$*UTF8*$!
{
	archiveVersion = 1;
	classes = {
	};
	objectVersion = 46;
	objects = {

/* Begin PBXBuildFile section */
		4C2BF4271623C6B600B69B01 /* MapKit.framework in Frameworks */ = {isa = PBXBuildFile; fileRef = 4C2BF4241623C69A00B69B01 /* MapKit.framework */; };
		4C2BF4291623C6BC00B69B01 /* CoreLocation.framework in Frameworks */ = {isa = PBXBuildFile; fileRef = 4C2BF4281623C6BC00B69B01 /* CoreLocation.framework */; };
		4C2BF4301623EBCF00B69B01 /* 07-map-marker.png in Resources */ = {isa = PBXBuildFile; fileRef = 4C2BF42E1623EBCE00B69B01 /* 07-map-marker.png */; };
		4C2BF4311623EBCF00B69B01 /* 65-note.png in Resources */ = {isa = PBXBuildFile; fileRef = 4C2BF42F1623EBCE00B69B01 /* 65-note.png */; };
		4C5E9E0616248D3300A2F8D8 /* NotesModel.m in Sources */ = {isa = PBXBuildFile; fileRef = 4C5E9E0516248D3300A2F8D8 /* NotesModel.m */; };
		4C70C7FE1620D00B005E40BF /* UIKit.framework in Frameworks */ = {isa = PBXBuildFile; fileRef = 4C70C7FD1620D00B005E40BF /* UIKit.framework */; };
		4C70C8001620D00B005E40BF /* Foundation.framework in Frameworks */ = {isa = PBXBuildFile; fileRef = 4C70C7FF1620D00B005E40BF /* Foundation.framework */; };
		4C70C8021620D00B005E40BF /* CoreGraphics.framework in Frameworks */ = {isa = PBXBuildFile; fileRef = 4C70C8011620D00B005E40BF /* CoreGraphics.framework */; };
		4C70C8081620D00B005E40BF /* InfoPlist.strings in Resources */ = {isa = PBXBuildFile; fileRef = 4C70C8061620D00B005E40BF /* InfoPlist.strings */; };
		4C70C80A1620D00B005E40BF /* main.m in Sources */ = {isa = PBXBuildFile; fileRef = 4C70C8091620D00B005E40BF /* main.m */; };
		4C70C80E1620D00B005E40BF /* NoteTakerAppDelegate.m in Sources */ = {isa = PBXBuildFile; fileRef = 4C70C80D1620D00B005E40BF /* NoteTakerAppDelegate.m */; };
		4C70C8101620D00B005E40BF /* Default.png in Resources */ = {isa = PBXBuildFile; fileRef = 4C70C80F1620D00B005E40BF /* Default.png */; };
		4C70C8121620D00B005E40BF /* Default@2x.png in Resources */ = {isa = PBXBuildFile; fileRef = 4C70C8111620D00B005E40BF /* Default@2x.png */; };
		4C70C8141620D00B005E40BF /* Default-568h@2x.png in Resources */ = {isa = PBXBuildFile; fileRef = 4C70C8131620D00B005E40BF /* Default-568h@2x.png */; };
		4C70C8171620D00B005E40BF /* MainStoryboard.storyboard in Resources */ = {isa = PBXBuildFile; fileRef = 4C70C8151620D00B005E40BF /* MainStoryboard.storyboard */; };
		4C70C81A1620D00B005E40BF /* NoteTakerFirstViewController.m in Sources */ = {isa = PBXBuildFile; fileRef = 4C70C8191620D00B005E40BF /* NoteTakerFirstViewController.m */; };
		4C70C81C1620D00B005E40BF /* first.png in Resources */ = {isa = PBXBuildFile; fileRef = 4C70C81B1620D00B005E40BF /* first.png */; };
		4C70C81E1620D00B005E40BF /* first@2x.png in Resources */ = {isa = PBXBuildFile; fileRef = 4C70C81D1620D00B005E40BF /* first@2x.png */; };
		4C70C8211620D00B005E40BF /* NoteTakerSecondViewController.m in Sources */ = {isa = PBXBuildFile; fileRef = 4C70C8201620D00B005E40BF /* NoteTakerSecondViewController.m */; };
		4C70C8231620D00B005E40BF /* second.png in Resources */ = {isa = PBXBuildFile; fileRef = 4C70C8221620D00B005E40BF /* second.png */; };
		4C70C8251620D00B005E40BF /* second@2x.png in Resources */ = {isa = PBXBuildFile; fileRef = 4C70C8241620D00B005E40BF /* second@2x.png */; };
		4C70C8641620D206005E40BF /* NoteTakerMasterViewController.m in Sources */ = {isa = PBXBuildFile; fileRef = 4C70C8611620D206005E40BF /* NoteTakerMasterViewController.m */; };
		4C70C8651620D206005E40BF /* NoteTakerDetailViewController.m in Sources */ = {isa = PBXBuildFile; fileRef = 4C70C8631620D206005E40BF /* NoteTakerDetailViewController.m */; };
		4C70C8701620D615005E40BF /* notes.png in Resources */ = {isa = PBXBuildFile; fileRef = 4C70C86F1620D615005E40BF /* notes.png */; };
		4C7F57A11623536D0047F105 /* Note.m in Sources */ = {isa = PBXBuildFile; fileRef = 4C7F57A01623536D0047F105 /* Note.m */; };
/* End PBXBuildFile section */

/* Begin PBXFileReference section */
		4C2BF4241623C69A00B69B01 /* MapKit.framework */ = {isa = PBXFileReference; lastKnownFileType = wrapper.framework; name = MapKit.framework; path = System/Library/Frameworks/MapKit.framework; sourceTree = SDKROOT; };
		4C2BF4281623C6BC00B69B01 /* CoreLocation.framework */ = {isa = PBXFileReference; lastKnownFileType = wrapper.framework; name = CoreLocation.framework; path = System/Library/Frameworks/CoreLocation.framework; sourceTree = SDKROOT; };
		4C2BF42E1623EBCE00B69B01 /* 07-map-marker.png */ = {isa = PBXFileReference; lastKnownFileType = image.png; path = "07-map-marker.png"; sourceTree = "<group>"; };
		4C2BF42F1623EBCE00B69B01 /* 65-note.png */ = {isa = PBXFileReference; lastKnownFileType = image.png; path = "65-note.png"; sourceTree = "<group>"; };
		4C5E9E0416248D3300A2F8D8 /* NotesModel.h */ = {isa = PBXFileReference; fileEncoding = 4; lastKnownFileType = sourcecode.c.h; name = NotesModel.h; path = ../NotesModel.h; sourceTree = "<group>"; };
		4C5E9E0516248D3300A2F8D8 /* NotesModel.m */ = {isa = PBXFileReference; fileEncoding = 4; lastKnownFileType = sourcecode.c.objc; name = NotesModel.m; path = ../NotesModel.m; sourceTree = "<group>"; };
		4C70C7F91620D00A005E40BF /* NoteTaker.app */ = {isa = PBXFileReference; explicitFileType = wrapper.application; includeInIndex = 0; path = NoteTaker.app; sourceTree = BUILT_PRODUCTS_DIR; };
		4C70C7FD1620D00B005E40BF /* UIKit.framework */ = {isa = PBXFileReference; lastKnownFileType = wrapper.framework; name = UIKit.framework; path = System/Library/Frameworks/UIKit.framework; sourceTree = SDKROOT; };
		4C70C7FF1620D00B005E40BF /* Foundation.framework */ = {isa = PBXFileReference; lastKnownFileType = wrapper.framework; name = Foundation.framework; path = System/Library/Frameworks/Foundation.framework; sourceTree = SDKROOT; };
		4C70C8011620D00B005E40BF /* CoreGraphics.framework */ = {isa = PBXFileReference; lastKnownFileType = wrapper.framework; name = CoreGraphics.framework; path = System/Library/Frameworks/CoreGraphics.framework; sourceTree = SDKROOT; };
		4C70C8051620D00B005E40BF /* NoteTaker-Info.plist */ = {isa = PBXFileReference; lastKnownFileType = text.plist.xml; path = "NoteTaker-Info.plist"; sourceTree = "<group>"; };
		4C70C8071620D00B005E40BF /* en */ = {isa = PBXFileReference; lastKnownFileType = text.plist.strings; name = en; path = en.lproj/InfoPlist.strings; sourceTree = "<group>"; };
		4C70C8091620D00B005E40BF /* main.m */ = {isa = PBXFileReference; lastKnownFileType = sourcecode.c.objc; path = main.m; sourceTree = "<group>"; };
		4C70C80B1620D00B005E40BF /* NoteTaker-Prefix.pch */ = {isa = PBXFileReference; lastKnownFileType = sourcecode.c.h; path = "NoteTaker-Prefix.pch"; sourceTree = "<group>"; };
		4C70C80C1620D00B005E40BF /* NoteTakerAppDelegate.h */ = {isa = PBXFileReference; lastKnownFileType = sourcecode.c.h; path = NoteTakerAppDelegate.h; sourceTree = "<group>"; };
		4C70C80D1620D00B005E40BF /* NoteTakerAppDelegate.m */ = {isa = PBXFileReference; lastKnownFileType = sourcecode.c.objc; path = NoteTakerAppDelegate.m; sourceTree = "<group>"; };
		4C70C80F1620D00B005E40BF /* Default.png */ = {isa = PBXFileReference; lastKnownFileType = image.png; path = Default.png; sourceTree = "<group>"; };
		4C70C8111620D00B005E40BF /* Default@2x.png */ = {isa = PBXFileReference; lastKnownFileType = image.png; path = "Default@2x.png"; sourceTree = "<group>"; };
		4C70C8131620D00B005E40BF /* Default-568h@2x.png */ = {isa = PBXFileReference; lastKnownFileType = image.png; path = "Default-568h@2x.png"; sourceTree = "<group>"; };
		4C70C8161620D00B005E40BF /* en */ = {isa = PBXFileReference; lastKnownFileType = file.storyboard; name = en; path = en.lproj/MainStoryboard.storyboard; sourceTree = "<group>"; };
		4C70C8181620D00B005E40BF /* NoteTakerFirstViewController.h */ = {isa = PBXFileReference; lastKnownFileType = sourcecode.c.h; path = NoteTakerFirstViewController.h; sourceTree = "<group>"; };
		4C70C8191620D00B005E40BF /* NoteTakerFirstViewController.m */ = {isa = PBXFileReference; lastKnownFileType = sourcecode.c.objc; path = NoteTakerFirstViewController.m; sourceTree = "<group>"; };
		4C70C81B1620D00B005E40BF /* first.png */ = {isa = PBXFileReference; lastKnownFileType = image.png; path = first.png; sourceTree = "<group>"; };
		4C70C81D1620D00B005E40BF /* first@2x.png */ = {isa = PBXFileReference; lastKnownFileType = image.png; path = "first@2x.png"; sourceTree = "<group>"; };
		4C70C81F1620D00B005E40BF /* NoteTakerSecondViewController.h */ = {isa = PBXFileReference; lastKnownFileType = sourcecode.c.h; path = NoteTakerSecondViewController.h; sourceTree = "<group>"; };
		4C70C8201620D00B005E40BF /* NoteTakerSecondViewController.m */ = {isa = PBXFileReference; lastKnownFileType = sourcecode.c.objc; path = NoteTakerSecondViewController.m; sourceTree = "<group>"; };
		4C70C8221620D00B005E40BF /* second.png */ = {isa = PBXFileReference; lastKnownFileType = image.png; path = second.png; sourceTree = "<group>"; };
		4C70C8241620D00B005E40BF /* second@2x.png */ = {isa = PBXFileReference; lastKnownFileType = image.png; path = "second@2x.png"; sourceTree = "<group>"; };
		4C70C8601620D206005E40BF /* NoteTakerMasterViewController.h */ = {isa = PBXFileReference; fileEncoding = 4; lastKnownFileType = sourcecode.c.h; path = NoteTakerMasterViewController.h; sourceTree = "<group>"; };
		4C70C8611620D206005E40BF /* NoteTakerMasterViewController.m */ = {isa = PBXFileReference; fileEncoding = 4; lastKnownFileType = sourcecode.c.objc; path = NoteTakerMasterViewController.m; sourceTree = "<group>"; };
		4C70C8621620D206005E40BF /* NoteTakerDetailViewController.h */ = {isa = PBXFileReference; fileEncoding = 4; lastKnownFileType = sourcecode.c.h; path = NoteTakerDetailViewController.h; sourceTree = "<group>"; };
		4C70C8631620D206005E40BF /* NoteTakerDetailViewController.m */ = {isa = PBXFileReference; fileEncoding = 4; lastKnownFileType = sourcecode.c.objc; path = NoteTakerDetailViewController.m; sourceTree = "<group>"; };
		4C70C86F1620D615005E40BF /* notes.png */ = {isa = PBXFileReference; lastKnownFileType = image.png; path = notes.png; sourceTree = "<group>"; };
		4C7F579F1623536D0047F105 /* Note.h */ = {isa = PBXFileReference; fileEncoding = 4; lastKnownFileType = sourcecode.c.h; name = Note.h; path = ../Note.h; sourceTree = "<group>"; };
		4C7F57A01623536D0047F105 /* Note.m */ = {isa = PBXFileReference; fileEncoding = 4; lastKnownFileType = sourcecode.c.objc; name = Note.m; path = ../Note.m; sourceTree = "<group>"; };
/* End PBXFileReference section */

/* Begin PBXFrameworksBuildPhase section */
		4C70C7F61620D00A005E40BF /* Frameworks */ = {
			isa = PBXFrameworksBuildPhase;
			buildActionMask = 2147483647;
			files = (
				4C2BF4271623C6B600B69B01 /* MapKit.framework in Frameworks */,
				4C70C7FE1620D00B005E40BF /* UIKit.framework in Frameworks */,
				4C2BF4291623C6BC00B69B01 /* CoreLocation.framework in Frameworks */,
				4C70C8001620D00B005E40BF /* Foundation.framework in Frameworks */,
				4C70C8021620D00B005E40BF /* CoreGraphics.framework in Frameworks */,
			);
			runOnlyForDeploymentPostprocessing = 0;
		};
/* End PBXFrameworksBuildPhase section */

/* Begin PBXGroup section */
		4C70C7EE1620D00A005E40BF = {
			isa = PBXGroup;
			children = (
				4C70C8031620D00B005E40BF /* NoteTaker */,
				4C70C7FC1620D00A005E40BF /* Frameworks */,
				4C70C7FA1620D00A005E40BF /* Products */,
			);
			sourceTree = "<group>";
		};
		4C70C7FA1620D00A005E40BF /* Products */ = {
			isa = PBXGroup;
			children = (
				4C70C7F91620D00A005E40BF /* NoteTaker.app */,
			);
			name = Products;
			sourceTree = "<group>";
		};
		4C70C7FC1620D00A005E40BF /* Frameworks */ = {
			isa = PBXGroup;
			children = (
				4C2BF4281623C6BC00B69B01 /* CoreLocation.framework */,
				4C2BF4241623C69A00B69B01 /* MapKit.framework */,
				4C70C7FD1620D00B005E40BF /* UIKit.framework */,
				4C70C7FF1620D00B005E40BF /* Foundation.framework */,
				4C70C8011620D00B005E40BF /* CoreGraphics.framework */,
			);
			name = Frameworks;
			sourceTree = "<group>";
		};
		4C70C8031620D00B005E40BF /* NoteTaker */ = {
			isa = PBXGroup;
			children = (
				4C5E9E0416248D3300A2F8D8 /* NotesModel.h */,
				4C5E9E0516248D3300A2F8D8 /* NotesModel.m */,
				4C7F579F1623536D0047F105 /* Note.h */,
				4C7F57A01623536D0047F105 /* Note.m */,
				4C70C8601620D206005E40BF /* NoteTakerMasterViewController.h */,
				4C70C8611620D206005E40BF /* NoteTakerMasterViewController.m */,
				4C70C8621620D206005E40BF /* NoteTakerDetailViewController.h */,
				4C70C8631620D206005E40BF /* NoteTakerDetailViewController.m */,
				4C70C80C1620D00B005E40BF /* NoteTakerAppDelegate.h */,
				4C70C80D1620D00B005E40BF /* NoteTakerAppDelegate.m */,
				4C70C8151620D00B005E40BF /* MainStoryboard.storyboard */,
				4C70C8181620D00B005E40BF /* NoteTakerFirstViewController.h */,
				4C70C8191620D00B005E40BF /* NoteTakerFirstViewController.m */,
				4C70C81B1620D00B005E40BF /* first.png */,
				4C70C81D1620D00B005E40BF /* first@2x.png */,
				4C70C81F1620D00B005E40BF /* NoteTakerSecondViewController.h */,
				4C70C8201620D00B005E40BF /* NoteTakerSecondViewController.m */,
				4C70C8221620D00B005E40BF /* second.png */,
				4C70C8241620D00B005E40BF /* second@2x.png */,
				4C70C8041620D00B005E40BF /* Supporting Files */,
			);
			path = NoteTaker;
			sourceTree = "<group>";
		};
		4C70C8041620D00B005E40BF /* Supporting Files */ = {
			isa = PBXGroup;
			children = (
				4C2BF42E1623EBCE00B69B01 /* 07-map-marker.png */,
				4C2BF42F1623EBCE00B69B01 /* 65-note.png */,
				4C70C86F1620D615005E40BF /* notes.png */,
				4C70C8051620D00B005E40BF /* NoteTaker-Info.plist */,
				4C70C8061620D00B005E40BF /* InfoPlist.strings */,
				4C70C8091620D00B005E40BF /* main.m */,
				4C70C80B1620D00B005E40BF /* NoteTaker-Prefix.pch */,
				4C70C80F1620D00B005E40BF /* Default.png */,
				4C70C8111620D00B005E40BF /* Default@2x.png */,
				4C70C8131620D00B005E40BF /* Default-568h@2x.png */,
			);
			name = "Supporting Files";
			sourceTree = "<group>";
		};
/* End PBXGroup section */

/* Begin PBXNativeTarget section */
		4C70C7F81620D00A005E40BF /* NoteTaker */ = {
			isa = PBXNativeTarget;
			buildConfigurationList = 4C70C8281620D00B005E40BF /* Build configuration list for PBXNativeTarget "NoteTaker" */;
			buildPhases = (
				4C70C7F51620D00A005E40BF /* Sources */,
				4C70C7F61620D00A005E40BF /* Frameworks */,
				4C70C7F71620D00A005E40BF /* Resources */,
			);
			buildRules = (
			);
			dependencies = (
			);
			name = NoteTaker;
			productName = NoteTaker;
			productReference = 4C70C7F91620D00A005E40BF /* NoteTaker.app */;
			productType = "com.apple.product-type.application";
		};
/* End PBXNativeTarget section */

/* Begin PBXProject section */
		4C70C7F01620D00A005E40BF /* Project object */ = {
			isa = PBXProject;
			attributes = {
				CLASSPREFIX = NoteTaker;
				LastUpgradeCheck = 0450;
				ORGANIZATIONNAME = "Nathan Fraenkel";
			};
			buildConfigurationList = 4C70C7F31620D00A005E40BF /* Build configuration list for PBXProject "NoteTaker" */;
			compatibilityVersion = "Xcode 3.2";
			developmentRegion = English;
			hasScannedForEncodings = 0;
			knownRegions = (
				en,
			);
			mainGroup = 4C70C7EE1620D00A005E40BF;
			productRefGroup = 4C70C7FA1620D00A005E40BF /* Products */;
			projectDirPath = "";
			projectRoot = "";
			targets = (
				4C70C7F81620D00A005E40BF /* NoteTaker */,
			);
		};
/* End PBXProject section */

/* Begin PBXResourcesBuildPhase section */
		4C70C7F71620D00A005E40BF /* Resources */ = {
			isa = PBXResourcesBuildPhase;
			buildActionMask = 2147483647;
			files = (
				4C70C8081620D00B005E40BF /* InfoPlist.strings in Resources */,
				4C70C8101620D00B005E40BF /* Default.png in Resources */,
				4C70C8121620D00B005E40BF /* Default@2x.png in Resources */,
				4C70C8141620D00B005E40BF /* Default-568h@2x.png in Resources */,
				4C70C8171620D00B005E40BF /* MainStoryboard.storyboard in Resources */,
				4C70C81C1620D00B005E40BF /* first.png in Resources */,
				4C70C81E1620D00B005E40BF /* first@2x.png in Resources */,
				4C70C8231620D00B005E40BF /* second.png in Resources */,
				4C70C8251620D00B005E40BF /* second@2x.png in Resources */,
				4C70C8701620D615005E40BF /* notes.png in Resources */,
				4C2BF4301623EBCF00B69B01 /* 07-map-marker.png in Resources */,
				4C2BF4311623EBCF00B69B01 /* 65-note.png in Resources */,
			);
			runOnlyForDeploymentPostprocessing = 0;
		};
/* End PBXResourcesBuildPhase section */

/* Begin PBXSourcesBuildPhase section */
		4C70C7F51620D00A005E40BF /* Sources */ = {
			isa = PBXSourcesBuildPhase;
			buildActionMask = 2147483647;
			files = (
				4C70C80A1620D00B005E40BF /* main.m in Sources */,
				4C70C80E1620D00B005E40BF /* NoteTakerAppDelegate.m in Sources */,
				4C70C81A1620D00B005E40BF /* NoteTakerFirstViewController.m in Sources */,
				4C70C8211620D00B005E40BF /* NoteTakerSecondViewController.m in Sources */,
				4C70C8641620D206005E40BF /* NoteTakerMasterViewController.m in Sources */,
				4C70C8651620D206005E40BF /* NoteTakerDetailViewController.m in Sources */,
				4C7F57A11623536D0047F105 /* Note.m in Sources */,
				4C5E9E0616248D3300A2F8D8 /* NotesModel.m in Sources */,
			);
			runOnlyForDeploymentPostprocessing = 0;
		};
/* End PBXSourcesBuildPhase section */

/* Begin PBXVariantGroup section */
		4C70C8061620D00B005E40BF /* InfoPlist.strings */ = {
			isa = PBXVariantGroup;
			children = (
				4C70C8071620D00B005E40BF /* en */,
			);
			name = InfoPlist.strings;
			sourceTree = "<group>";
		};
		4C70C8151620D00B005E40BF /* MainStoryboard.storyboard */ = {
			isa = PBXVariantGroup;
			children = (
				4C70C8161620D00B005E40BF /* en */,
			);
			name = MainStoryboard.storyboard;
			sourceTree = "<group>";
		};
/* End PBXVariantGroup section */

/* Begin XCBuildConfiguration section */
		4C70C8261620D00B005E40BF /* Debug */ = {
			isa = XCBuildConfiguration;
			buildSettings = {
				ALWAYS_SEARCH_USER_PATHS = NO;
				CLANG_CXX_LANGUAGE_STANDARD = "gnu++0x";
				CLANG_CXX_LIBRARY = "libc++";
				CLANG_ENABLE_OBJC_ARC = YES;
				CLANG_WARN_EMPTY_BODY = YES;
				CLANG_WARN__DUPLICATE_METHOD_MATCH = YES;
				"CODE_SIGN_IDENTITY[sdk=iphoneos*]" = "iPhone Developer";
				COPY_PHASE_STRIP = NO;
				GCC_C_LANGUAGE_STANDARD = gnu99;
				GCC_DYNAMIC_NO_PIC = NO;
				GCC_OPTIMIZATION_LEVEL = 0;
				GCC_PREPROCESSOR_DEFINITIONS = (
					"DEBUG=1",
					"$(inherited)",
				);
				GCC_SYMBOLS_PRIVATE_EXTERN = NO;
				GCC_WARN_ABOUT_RETURN_TYPE = YES;
				GCC_WARN_UNINITIALIZED_AUTOS = YES;
				GCC_WARN_UNUSED_VARIABLE = YES;
				IPHONEOS_DEPLOYMENT_TARGET = 6.0;
				ONLY_ACTIVE_ARCH = YES;
				SDKROOT = iphoneos;
			};
			name = Debug;
		};
		4C70C8271620D00B005E40BF /* Release */ = {
			isa = XCBuildConfiguration;
			buildSettings = {
				ALWAYS_SEARCH_USER_PATHS = NO;
				CLANG_CXX_LANGUAGE_STANDARD = "gnu++0x";
				CLANG_CXX_LIBRARY = "libc++";
				CLANG_ENABLE_OBJC_ARC = YES;
				CLANG_WARN_EMPTY_BODY = YES;
				CLANG_WARN__DUPLICATE_METHOD_MATCH = YES;
				"CODE_SIGN_IDENTITY[sdk=iphoneos*]" = "iPhone Developer";
				COPY_PHASE_STRIP = YES;
				GCC_C_LANGUAGE_STANDARD = gnu99;
				GCC_WARN_ABOUT_RETURN_TYPE = YES;
				GCC_WARN_UNINITIALIZED_AUTOS = YES;
				GCC_WARN_UNUSED_VARIABLE = YES;
				IPHONEOS_DEPLOYMENT_TARGET = 6.0;
				OTHER_CFLAGS = "-DNS_BLOCK_ASSERTIONS=1";
				SDKROOT = iphoneos;
				VALIDATE_PRODUCT = YES;
			};
			name = Release;
		};
		4C70C8291620D00B005E40BF /* Debug */ = {
			isa = XCBuildConfiguration;
			buildSettings = {
				GCC_PRECOMPILE_PREFIX_HEADER = YES;
				GCC_PREFIX_HEADER = "NoteTaker/NoteTaker-Prefix.pch";
				INFOPLIST_FILE = "NoteTaker/NoteTaker-Info.plist";
				PRODUCT_NAME = "$(TARGET_NAME)";
				WRAPPER_EXTENSION = app;
			};
			name = Debug;
		};
		4C70C82A1620D00B005E40BF /* Release */ = {
			isa = XCBuildConfiguration;
			buildSettings = {
				GCC_PRECOMPILE_PREFIX_HEADER = YES;
				GCC_PREFIX_HEADER = "NoteTaker/NoteTaker-Prefix.pch";
				INFOPLIST_FILE = "NoteTaker/NoteTaker-Info.plist";
				PRODUCT_NAME = "$(TARGET_NAME)";
				WRAPPER_EXTENSION = app;
			};
			name = Release;
		};
/* End XCBuildConfiguration section */

/* Begin XCConfigurationList section */
		4C70C7F31620D00A005E40BF /* Build configuration list for PBXProject "NoteTaker" */ = {
			isa = XCConfigurationList;
			buildConfigurations = (
				4C70C8261620D00B005E40BF /* Debug */,
				4C70C8271620D00B005E40BF /* Release */,
			);
			defaultConfigurationIsVisible = 0;
			defaultConfigurationName = Release;
		};
		4C70C8281620D00B005E40BF /* Build configuration list for PBXNativeTarget "NoteTaker" */ = {
			isa = XCConfigurationList;
			buildConfigurations = (
				4C70C8291620D00B005E40BF /* Debug */,
				4C70C82A1620D00B005E40BF /* Release */,
			);
			defaultConfigurationIsVisible = 0;
			defaultConfigurationName = Release;
		};
/* End XCConfigurationList section */
	};
	rootObject = 4C70C7F01620D00A005E40BF /* Project object */;
}
